github.com/akerl/timber/v2 v2.0.1 h1:hY4VCOJns7KsxwxP/ifSt3Rz9GZCfKewapaimObnA2E=
github.com/akerl/timber/v2 v2.0.1/go.mod h1:jBjRGI2CWuvbZlrZkp1JO/X51pMlbg72NFy+Vnd59oI=
github.com/daviddengcn/go-colortext v0.0.0-20180409174941-186a3d44e920 h1:d/cVoZOrJPJHKH1NdeUjyVAWKp4OpOT+Q+6T1sH7jeU=
github.com/daviddengcn/go-colortext v0.0.0-20180409174941-186a3d44e920/go.mod h1:dv4zxwHi5C/8AeI+4gX4dCWOIvNi7I6JCSX0HvlKPgE=
github.com/dixonwille/wmenu v4.0.2+incompatible h1:lxrPJsx9LpdUFD5T+dOfl6gPKLbBmiAtEdACLT1I2/w=
github.com/dixonwille/wmenu v4.0.2+incompatible/go.mod h1:DnajdZEKFQksxBctWekpWaQXQrDUHRBco6b8MyZnR1s=
github.com/google/go-cmp v0.2.0/go.mod h1:oXzfMopK8JAjlY9xF4vHSVASa0yLyX7SntLO5aqRK0M=
github.com/ktr0731/go-fuzzyfinder v0.1.2 h1:Y+Vm86X/QmE/+DitA2RrLndZU134cZtBUOtO18CTVcE=
github.com/ktr0731/go-fuzzyfinder v0.1.2/go.mod h1:RzAqRU8h8f4uSLSP+THd87krOFnBploGlGn/8RQhd7M=
github.com/mattn/go-isatty v0.0.8 h1:HLtExJ+uU2HOZ+wI0Tt5DtUDrx8yhUqDcp7fYERX4CE=
github.com/mattn/go-isatty v0.0.8/go.mod h1:Iq45c/XA43vh69/j3iqttzPXn0bhXyGjM0Hdxcsrc5s=
github.com/mattn/go-runewidth v0.0.4 h1:2BvfKmzob6Bmd4YsL0zygOqfdFnK7GR4QL06Do4/p7Y=
github.com/mattn/go-runewidth v0.0.4/go.mod h1:LwmH8dsx7+W8Uxz3IHJYH5QSwggIsqBzpuz5H//U1FU=
github.com/nsf/termbox-go v0.0.0-20190121233118-02980233997d h1:x3S6kxmy49zXVVyhcnrFqxvNVCBPb2KZ9hV2RBdS840=
github.com/nsf/termbox-go v0.0.0-20190121233118-02980233997d/go.mod h1:IuKpRQcYE1Tfu+oAQqaLisqDeXgjyyltCfsaoYN18NQ=
github.com/pkg/errors v0.8.1 h1:iURUrRGxPUNPdy5/HRSm+Yj6okJ6UtLINN0Q9M4+h3I=
github.com/pkg/errors v0.8.1/go.mod h1:bwawxfHBFNV+L2hUp1rHADufV3IMtnDRdf1r5NINEl0=
golang.org/x/sys v0.0.0-20190222072716-a9d3bda3a223 h1:DH4skfRX4EBpamg7iV4ZlCpblAHI6s6TDM39bFZumv8=
golang.org/x/sys v0.0.0-20190222072716-a9d3bda3a223/go.mod h1:STP8DvDyc/dI5b8T5hshtkjS+E42TnysNCUPdjciGhY=
gopkg.in/dixonwille/wlog.v2 v2.0.0 h1:TbGWtD8ahWVSihKKr+z2Dw7Cv/7IrfN6dwrcrre17pU=
gopkg.in/dixonwille/wlog.v2 v2.0.0/go.mod h1:JYQHRnhGPLno/iATOiGkEXoRanJXqdz9Qo6/QwfARUc=
